
Microsoft Visual Studio Solution File, Format Version 12.00
# Visual Studio 14
VisualStudioVersion = 14.0.25123.0
MinimumVisualStudioVersion = 10.0.40219.1
Project("{2150E333-8FDC-42A3-9474-1A3956D46DE8}") = "Base", "Base", "{4C54F4B9-468A-45AE-BA4B-F6CEF386451C}"
EndProject
Project("{2150E333-8FDC-42A3-9474-1A3956D46DE8}") = "Engine", "Engine", "{8B13E6BB-35AE-4E8D-84A4-94C31FBDBE62}"
EndProject
Project("{2150E333-8FDC-42A3-9474-1A3956D46DE8}") = "Utilties", "Utilties", "{CADDAADA-19B1-4240-9923-A1A7DF467A9B}"
EndProject
Project("{2150E333-8FDC-42A3-9474-1A3956D46DE8}") = "SlotsEngine", "SlotsEngine", "{29983828-1510-416D-A26A-DD9837D0D910}"
EndProject
Project("{2150E333-8FDC-42A3-9474-1A3956D46DE8}") = "Database", "Database", "{E3477DAC-AC86-462F-BD89-DE9C100DCF29}"
EndProject
Project("{FAE04EC0-301F-11D3-BF4B-00C04F79EFBC}") = "SlotsCommunicator", "Engine\SlotsEngine\SlotsCommunicator\SlotsCommunicator.csproj", "{7DFA6717-75DE-4394-BCBB-976736162682}"
EndProject
Project("{FAE04EC0-301F-11D3-BF4B-00C04F79EFBC}") = "GameFactories", "Base\StandardGamingFactories\GameFactories.csproj", "{B4493812-422D-4507-A0DD-86B35EB13ABE}"
EndProject
Project("{FAE04EC0-301F-11D3-BF4B-00C04F79EFBC}") = "DBLayer", "Database\DBLayer\DBLayer.csproj", "{C1538F42-6CA0-4ECB-92FD-ECA3890F2EC1}"
EndProject
Project("{FAE04EC0-301F-11D3-BF4B-00C04F79EFBC}") = "TestDBLayer", "Database\TestDBLayer\TestDBLayer.csproj", "{921743E3-380C-47CC-9DF9-C5C2A597CF5E}"
EndProject
Project("{FAE04EC0-301F-11D3-BF4B-00C04F79EFBC}") = "GameEntities", "Base\GameEntities\GameEntities.csproj", "{ADFF6FD9-0A10-43B5-97DD-47F3981CCE38}"
EndProject
Project("{FAE04EC0-301F-11D3-BF4B-00C04F79EFBC}") = "DBCommunicator", "DBCommunicator\DBCommunicator.csproj", "{ECE81D7E-8E90-4DF8-8247-524F224CE8EC}"
EndProject
Project("{FAE04EC0-301F-11D3-BF4B-00C04F79EFBC}") = "TestApp", "TestApp\TestApp.csproj", "{FDCB00B1-2BF8-434A-8075-8DDFCA986D34}"
EndProject
Project("{FAE04EC0-301F-11D3-BF4B-00C04F79EFBC}") = "SlotsEngine", "SlotsEngine\SlotsEngine.csproj", "{4A5D89A1-CA16-4282-B121-2930AB0F4831}"
EndProject
Project("{2150E333-8FDC-42A3-9474-1A3956D46DE8}") = "PokerEngine", "PokerEngine", "{76F6AE09-634C-4C9A-BFF2-41587C53C37B}"
EndProject
Project("{FAE04EC0-301F-11D3-BF4B-00C04F79EFBC}") = "PokerEngine", "PokerEngine\PokerEngine.csproj", "{CB5FAE71-48DC-46C7-8B10-D4D53D30AC72}"
EndProject
Global
	GlobalSection(SolutionConfigurationPlatforms) = preSolution
		Debug|Any CPU = Debug|Any CPU
		Release|Any CPU = Release|Any CPU
	EndGlobalSection
	GlobalSection(ProjectConfigurationPlatforms) = postSolution
		{7DFA6717-75DE-4394-BCBB-976736162682}.Debug|Any CPU.ActiveCfg = Debug|Any CPU
		{7DFA6717-75DE-4394-BCBB-976736162682}.Debug|Any CPU.Build.0 = Debug|Any CPU
		{7DFA6717-75DE-4394-BCBB-976736162682}.Release|Any CPU.ActiveCfg = Release|Any CPU
		{7DFA6717-75DE-4394-BCBB-976736162682}.Release|Any CPU.Build.0 = Release|Any CPU
		{B4493812-422D-4507-A0DD-86B35EB13ABE}.Debug|Any CPU.ActiveCfg = Debug|Any CPU
		{B4493812-422D-4507-A0DD-86B35EB13ABE}.Debug|Any CPU.Build.0 = Debug|Any CPU
		{B4493812-422D-4507-A0DD-86B35EB13ABE}.Release|Any CPU.ActiveCfg = Release|Any CPU
		{B4493812-422D-4507-A0DD-86B35EB13ABE}.Release|Any CPU.Build.0 = Release|Any CPU
		{C1538F42-6CA0-4ECB-92FD-ECA3890F2EC1}.Debug|Any CPU.ActiveCfg = Debug|Any CPU
		{C1538F42-6CA0-4ECB-92FD-ECA3890F2EC1}.Debug|Any CPU.Build.0 = Debug|Any CPU
		{C1538F42-6CA0-4ECB-92FD-ECA3890F2EC1}.Release|Any CPU.ActiveCfg = Release|Any CPU
		{C1538F42-6CA0-4ECB-92FD-ECA3890F2EC1}.Release|Any CPU.Build.0 = Release|Any CPU
		{921743E3-380C-47CC-9DF9-C5C2A597CF5E}.Debug|Any CPU.ActiveCfg = Debug|Any CPU
		{921743E3-380C-47CC-9DF9-C5C2A597CF5E}.Debug|Any CPU.Build.0 = Debug|Any CPU
		{921743E3-380C-47CC-9DF9-C5C2A597CF5E}.Release|Any CPU.ActiveCfg = Release|Any CPU
		{921743E3-380C-47CC-9DF9-C5C2A597CF5E}.Release|Any CPU.Build.0 = Release|Any CPU
		{ADFF6FD9-0A10-43B5-97DD-47F3981CCE38}.Debug|Any CPU.ActiveCfg = Debug|Any CPU
		{ADFF6FD9-0A10-43B5-97DD-47F3981CCE38}.Debug|Any CPU.Build.0 = Debug|Any CPU
		{ADFF6FD9-0A10-43B5-97DD-47F3981CCE38}.Release|Any CPU.ActiveCfg = Release|Any CPU
		{ADFF6FD9-0A10-43B5-97DD-47F3981CCE38}.Release|Any CPU.Build.0 = Release|Any CPU
		{ECE81D7E-8E90-4DF8-8247-524F224CE8EC}.Debug|Any CPU.ActiveCfg = Debug|Any CPU
		{ECE81D7E-8E90-4DF8-8247-524F224CE8EC}.Debug|Any CPU.Build.0 = Debug|Any CPU
		{ECE81D7E-8E90-4DF8-8247-524F224CE8EC}.Release|Any CPU.ActiveCfg = Release|Any CPU
		{ECE81D7E-8E90-4DF8-8247-524F224CE8EC}.Release|Any CPU.Build.0 = Release|Any CPU
		{FDCB00B1-2BF8-434A-8075-8DDFCA986D34}.Debug|Any CPU.ActiveCfg = Debug|Any CPU
		{FDCB00B1-2BF8-434A-8075-8DDFCA986D34}.Debug|Any CPU.Build.0 = Debug|Any CPU
		{FDCB00B1-2BF8-434A-8075-8DDFCA986D34}.Release|Any CPU.ActiveCfg = Release|Any CPU
		{FDCB00B1-2BF8-434A-8075-8DDFCA986D34}.Release|Any CPU.Build.0 = Release|Any CPU
		{4A5D89A1-CA16-4282-B121-2930AB0F4831}.Debug|Any CPU.ActiveCfg = Debug|Any CPU
		{4A5D89A1-CA16-4282-B121-2930AB0F4831}.Debug|Any CPU.Build.0 = Debug|Any CPU
		{4A5D89A1-CA16-4282-B121-2930AB0F4831}.Release|Any CPU.ActiveCfg = Release|Any CPU
		{4A5D89A1-CA16-4282-B121-2930AB0F4831}.Release|Any CPU.Build.0 = Release|Any CPU
		{CB5FAE71-48DC-46C7-8B10-D4D53D30AC72}.Debug|Any CPU.ActiveCfg = Debug|Any CPU
		{CB5FAE71-48DC-46C7-8B10-D4D53D30AC72}.Debug|Any CPU.Build.0 = Debug|Any CPU
		{CB5FAE71-48DC-46C7-8B10-D4D53D30AC72}.Release|Any CPU.ActiveCfg = Release|Any CPU
		{CB5FAE71-48DC-46C7-8B10-D4D53D30AC72}.Release|Any CPU.Build.0 = Release|Any CPU
	EndGlobalSection
	GlobalSection(SolutionProperties) = preSolution
		HideSolutionNode = FALSE
	EndGlobalSection
	GlobalSection(NestedProjects) = preSolution
		{29983828-1510-416D-A26A-DD9837D0D910} = {8B13E6BB-35AE-4E8D-84A4-94C31FBDBE62}
		{7DFA6717-75DE-4394-BCBB-976736162682} = {29983828-1510-416D-A26A-DD9837D0D910}
		{B4493812-422D-4507-A0DD-86B35EB13ABE} = {4C54F4B9-468A-45AE-BA4B-F6CEF386451C}
		{C1538F42-6CA0-4ECB-92FD-ECA3890F2EC1} = {E3477DAC-AC86-462F-BD89-DE9C100DCF29}
		{921743E3-380C-47CC-9DF9-C5C2A597CF5E} = {E3477DAC-AC86-462F-BD89-DE9C100DCF29}
		{ADFF6FD9-0A10-43B5-97DD-47F3981CCE38} = {4C54F4B9-468A-45AE-BA4B-F6CEF386451C}
		{ECE81D7E-8E90-4DF8-8247-524F224CE8EC} = {E3477DAC-AC86-462F-BD89-DE9C100DCF29}
		{FDCB00B1-2BF8-434A-8075-8DDFCA986D34} = {CADDAADA-19B1-4240-9923-A1A7DF467A9B}
		{4A5D89A1-CA16-4282-B121-2930AB0F4831} = {29983828-1510-416D-A26A-DD9837D0D910}
		{76F6AE09-634C-4C9A-BFF2-41587C53C37B} = {8B13E6BB-35AE-4E8D-84A4-94C31FBDBE62}
		{CB5FAE71-48DC-46C7-8B10-D4D53D30AC72} = {76F6AE09-634C-4C9A-BFF2-41587C53C37B}
	EndGlobalSection
EndGlobal
