
Microsoft Visual Studio Solution File, Format Version 12.00
# Visual Studio 14
VisualStudioVersion = 14.0.25123.0
MinimumVisualStudioVersion = 10.0.40219.1
Project("{FAE04EC0-301F-11D3-BF4B-00C04F79EFBC}") = "GamingEngineWebSite", "GamingEngine\GamingEngineWebSite.csproj", "{93BF8B56-809F-4717-9EB7-FD0D1DA6D2A6}"
EndProject
Project("{FAE04EC0-301F-11D3-BF4B-00C04F79EFBC}") = "GamingEngine.Tests", "GamingEngine.Tests\GamingEngine.Tests.csproj", "{88E38025-1CC8-4ED3-90E4-22390FA886FB}"
EndProject
Project("{FAE04EC0-301F-11D3-BF4B-00C04F79EFBC}") = "StandardGamingFactories", "SlotsControllers\StandardGamingFactories.csproj", "{B4493812-422D-4507-A0DD-86B35EB13ABE}"
EndProject
Project("{FAE04EC0-301F-11D3-BF4B-00C04F79EFBC}") = "GamingEntities", "ClassLibrary1\GamingEntities.csproj", "{5C6B2B7A-566B-4219-B392-35E0CB2E6DE7}"
EndProject
Project("{FAE04EC0-301F-11D3-BF4B-00C04F79EFBC}") = "GameEngine", "GameEngine\GameEngine.csproj", "{E10477FE-1412-4F30-9DDB-2531674CD135}"
EndProject
Project("{FAE04EC0-301F-11D3-BF4B-00C04F79EFBC}") = "SlotsGames", "SlotsGamingFactories\SlotsGames.csproj", "{F474FB89-C50C-4BBE-9B7A-C96AA7243F5D}"
EndProject
Project("{FAE04EC0-301F-11D3-BF4B-00C04F79EFBC}") = "TableGames", "TableGames\TableGames.csproj", "{964D3C84-DEBB-402B-AC07-49FADC36615F}"
EndProject
Project("{2150E333-8FDC-42A3-9474-1A3956D46DE8}") = "Factories", "Factories", "{FE701F7F-3E57-46A3-A258-70DE7DB40A26}"
EndProject
Project("{2150E333-8FDC-42A3-9474-1A3956D46DE8}") = "Base", "Base", "{4C54F4B9-468A-45AE-BA4B-F6CEF386451C}"
EndProject
Project("{2150E333-8FDC-42A3-9474-1A3956D46DE8}") = "Engine", "Engine", "{8B13E6BB-35AE-4E8D-84A4-94C31FBDBE62}"
EndProject
Project("{2150E333-8FDC-42A3-9474-1A3956D46DE8}") = "Utilties", "Utilties", "{CADDAADA-19B1-4240-9923-A1A7DF467A9B}"
EndProject
Project("{FAE04EC0-301F-11D3-BF4B-00C04F79EFBC}") = "Utilities", "Logger\Utilities.csproj", "{A15A36E5-26DF-47BD-9F75-7E8CDF9134E3}"
EndProject
Project("{FAE04EC0-301F-11D3-BF4B-00C04F79EFBC}") = "SlotsEngine", "SlotsEngine\SlotsEngine.csproj", "{74D467C1-FD93-470A-80D6-C1742DB85FAA}"
EndProject
Project("{2150E333-8FDC-42A3-9474-1A3956D46DE8}") = "SlotsEngine-II", "SlotsEngine-II", "{29983828-1510-416D-A26A-DD9837D0D910}"
EndProject
Project("{FAE04EC0-301F-11D3-BF4B-00C04F79EFBC}") = "SlotsCommunicator", "SlotsCommunicator\SlotsCommunicator.csproj", "{7DFA6717-75DE-4394-BCBB-976736162682}"
EndProject
Global
	GlobalSection(SolutionConfigurationPlatforms) = preSolution
		Debug|Any CPU = Debug|Any CPU
		Release|Any CPU = Release|Any CPU
	EndGlobalSection
	GlobalSection(ProjectConfigurationPlatforms) = postSolution
		{93BF8B56-809F-4717-9EB7-FD0D1DA6D2A6}.Debug|Any CPU.ActiveCfg = Debug|Any CPU
		{93BF8B56-809F-4717-9EB7-FD0D1DA6D2A6}.Debug|Any CPU.Build.0 = Debug|Any CPU
		{93BF8B56-809F-4717-9EB7-FD0D1DA6D2A6}.Release|Any CPU.ActiveCfg = Release|Any CPU
		{93BF8B56-809F-4717-9EB7-FD0D1DA6D2A6}.Release|Any CPU.Build.0 = Release|Any CPU
		{88E38025-1CC8-4ED3-90E4-22390FA886FB}.Debug|Any CPU.ActiveCfg = Debug|Any CPU
		{88E38025-1CC8-4ED3-90E4-22390FA886FB}.Debug|Any CPU.Build.0 = Debug|Any CPU
		{88E38025-1CC8-4ED3-90E4-22390FA886FB}.Release|Any CPU.ActiveCfg = Release|Any CPU
		{88E38025-1CC8-4ED3-90E4-22390FA886FB}.Release|Any CPU.Build.0 = Release|Any CPU
		{B4493812-422D-4507-A0DD-86B35EB13ABE}.Debug|Any CPU.ActiveCfg = Debug|Any CPU
		{B4493812-422D-4507-A0DD-86B35EB13ABE}.Debug|Any CPU.Build.0 = Debug|Any CPU
		{B4493812-422D-4507-A0DD-86B35EB13ABE}.Release|Any CPU.ActiveCfg = Release|Any CPU
		{B4493812-422D-4507-A0DD-86B35EB13ABE}.Release|Any CPU.Build.0 = Release|Any CPU
		{5C6B2B7A-566B-4219-B392-35E0CB2E6DE7}.Debug|Any CPU.ActiveCfg = Debug|Any CPU
		{5C6B2B7A-566B-4219-B392-35E0CB2E6DE7}.Debug|Any CPU.Build.0 = Debug|Any CPU
		{5C6B2B7A-566B-4219-B392-35E0CB2E6DE7}.Release|Any CPU.ActiveCfg = Release|Any CPU
		{5C6B2B7A-566B-4219-B392-35E0CB2E6DE7}.Release|Any CPU.Build.0 = Release|Any CPU
		{E10477FE-1412-4F30-9DDB-2531674CD135}.Debug|Any CPU.ActiveCfg = Debug|Any CPU
		{E10477FE-1412-4F30-9DDB-2531674CD135}.Debug|Any CPU.Build.0 = Debug|Any CPU
		{E10477FE-1412-4F30-9DDB-2531674CD135}.Release|Any CPU.ActiveCfg = Release|Any CPU
		{E10477FE-1412-4F30-9DDB-2531674CD135}.Release|Any CPU.Build.0 = Release|Any CPU
		{F474FB89-C50C-4BBE-9B7A-C96AA7243F5D}.Debug|Any CPU.ActiveCfg = Debug|Any CPU
		{F474FB89-C50C-4BBE-9B7A-C96AA7243F5D}.Debug|Any CPU.Build.0 = Debug|Any CPU
		{F474FB89-C50C-4BBE-9B7A-C96AA7243F5D}.Release|Any CPU.ActiveCfg = Release|Any CPU
		{F474FB89-C50C-4BBE-9B7A-C96AA7243F5D}.Release|Any CPU.Build.0 = Release|Any CPU
		{964D3C84-DEBB-402B-AC07-49FADC36615F}.Debug|Any CPU.ActiveCfg = Debug|Any CPU
		{964D3C84-DEBB-402B-AC07-49FADC36615F}.Debug|Any CPU.Build.0 = Debug|Any CPU
		{964D3C84-DEBB-402B-AC07-49FADC36615F}.Release|Any CPU.ActiveCfg = Release|Any CPU
		{964D3C84-DEBB-402B-AC07-49FADC36615F}.Release|Any CPU.Build.0 = Release|Any CPU
		{A15A36E5-26DF-47BD-9F75-7E8CDF9134E3}.Debug|Any CPU.ActiveCfg = Debug|Any CPU
		{A15A36E5-26DF-47BD-9F75-7E8CDF9134E3}.Debug|Any CPU.Build.0 = Debug|Any CPU
		{A15A36E5-26DF-47BD-9F75-7E8CDF9134E3}.Release|Any CPU.ActiveCfg = Release|Any CPU
		{A15A36E5-26DF-47BD-9F75-7E8CDF9134E3}.Release|Any CPU.Build.0 = Release|Any CPU
		{74D467C1-FD93-470A-80D6-C1742DB85FAA}.Debug|Any CPU.ActiveCfg = Debug|Any CPU
		{74D467C1-FD93-470A-80D6-C1742DB85FAA}.Debug|Any CPU.Build.0 = Debug|Any CPU
		{74D467C1-FD93-470A-80D6-C1742DB85FAA}.Release|Any CPU.ActiveCfg = Release|Any CPU
		{74D467C1-FD93-470A-80D6-C1742DB85FAA}.Release|Any CPU.Build.0 = Release|Any CPU
		{7DFA6717-75DE-4394-BCBB-976736162682}.Debug|Any CPU.ActiveCfg = Debug|Any CPU
		{7DFA6717-75DE-4394-BCBB-976736162682}.Debug|Any CPU.Build.0 = Debug|Any CPU
		{7DFA6717-75DE-4394-BCBB-976736162682}.Release|Any CPU.ActiveCfg = Release|Any CPU
		{7DFA6717-75DE-4394-BCBB-976736162682}.Release|Any CPU.Build.0 = Release|Any CPU
	EndGlobalSection
	GlobalSection(SolutionProperties) = preSolution
		HideSolutionNode = FALSE
	EndGlobalSection
	GlobalSection(NestedProjects) = preSolution
		{B4493812-422D-4507-A0DD-86B35EB13ABE} = {4C54F4B9-468A-45AE-BA4B-F6CEF386451C}
		{5C6B2B7A-566B-4219-B392-35E0CB2E6DE7} = {4C54F4B9-468A-45AE-BA4B-F6CEF386451C}
		{E10477FE-1412-4F30-9DDB-2531674CD135} = {8B13E6BB-35AE-4E8D-84A4-94C31FBDBE62}
		{F474FB89-C50C-4BBE-9B7A-C96AA7243F5D} = {FE701F7F-3E57-46A3-A258-70DE7DB40A26}
		{964D3C84-DEBB-402B-AC07-49FADC36615F} = {FE701F7F-3E57-46A3-A258-70DE7DB40A26}
		{A15A36E5-26DF-47BD-9F75-7E8CDF9134E3} = {CADDAADA-19B1-4240-9923-A1A7DF467A9B}
		{74D467C1-FD93-470A-80D6-C1742DB85FAA} = {29983828-1510-416D-A26A-DD9837D0D910}
		{29983828-1510-416D-A26A-DD9837D0D910} = {8B13E6BB-35AE-4E8D-84A4-94C31FBDBE62}
		{7DFA6717-75DE-4394-BCBB-976736162682} = {29983828-1510-416D-A26A-DD9837D0D910}
	EndGlobalSection
EndGlobal
